
Microsoft Visual Studio Solution File, Format Version 12.00
# Visual Studio Version 17
VisualStudioVersion = 17.0.31903.59
MinimumVisualStudioVersion = 10.0.40219.1
Project("{FAE04EC0-301F-11D3-BF4B-00C04F79EFBC}") = "QADevOps", "QADevOps\QADevOps.csproj", "{B3D5124F-1B35-4D79-9195-78C4A06FB425}"
EndProject
Global
	GlobalSection(SolutionConfigurationPlatforms) = preSolution
		Debug|Any CPU = Debug|Any CPU
		Release|Any CPU = Release|Any CPU
	EndGlobalSection
	GlobalSection(ProjectConfigurationPlatforms) = postSolution
		{B3D5124F-1B35-4D79-9195-78C4A06FB425}.Debug|Any CPU.ActiveCfg = Debug|Any CPU
		{B3D5124F-1B35-4D79-9195-78C4A06FB425}.Debug|Any CPU.Build.0 = Debug|Any CPU
		{B3D5124F-1B35-4D79-9195-78C4A06FB425}.Release|Any CPU.ActiveCfg = Release|Any CPU
		{B3D5124F-1B35-4D79-9195-78C4A06FB425}.Release|Any CPU.Build.0 = Release|Any CPU
	EndGlobalSection
	GlobalSection(SolutionProperties) = preSolution
		HideSolutionNode = FALSE
	EndGlobalSection
	GlobalSection(ExtensibilityGlobals) = postSolution
		SolutionGuid = {ABB24598-24C2-4DD7-98A4-0F2D7DD918BD}
	EndGlobalSection
EndGlobal
